
Microsoft Visual Studio Solution File, Format Version 12.00
# Visual Studio 14
VisualStudioVersion = 14.0.25420.1
MinimumVisualStudioVersion = 10.0.40219.1
Project("{8BB2217D-0F2D-49D1-97BC-3654ED321F3B}") = "TypeScripter", "TypeScripter\TypeScripter.xproj", "{5F364CBA-F6E9-4C37-BE00-DE157210AC65}"
EndProject
Project("{8BB2217D-0F2D-49D1-97BC-3654ED321F3B}") = "TypeScripter.Tests", "TypeScripter.Tests\TypeScripter.Tests.xproj", "{D1364783-1934-4139-B8E8-DC916F510246}"
EndProject
Project("{2150E333-8FDC-42A3-9474-1A3956D46DE8}") = "Solution Items", "Solution Items", "{D4ED2A05-941B-4114-8F1E-F4405EB26576}"
	ProjectSection(SolutionItems) = preProject
		global.json = global.json
	EndProjectSection
EndProject
Global
	GlobalSection(SolutionConfigurationPlatforms) = preSolution
		Debug|Any CPU = Debug|Any CPU
		Release|Any CPU = Release|Any CPU
	EndGlobalSection
	GlobalSection(ProjectConfigurationPlatforms) = postSolution
		{5F364CBA-F6E9-4C37-BE00-DE157210AC65}.Debug|Any CPU.ActiveCfg = Debug|Any CPU
		{5F364CBA-F6E9-4C37-BE00-DE157210AC65}.Debug|Any CPU.Build.0 = Debug|Any CPU
		{5F364CBA-F6E9-4C37-BE00-DE157210AC65}.Release|Any CPU.ActiveCfg = Release|Any CPU
		{5F364CBA-F6E9-4C37-BE00-DE157210AC65}.Release|Any CPU.Build.0 = Release|Any CPU
		{D1364783-1934-4139-B8E8-DC916F510246}.Debug|Any CPU.ActiveCfg = Debug|Any CPU
		{D1364783-1934-4139-B8E8-DC916F510246}.Debug|Any CPU.Build.0 = Debug|Any CPU
		{D1364783-1934-4139-B8E8-DC916F510246}.Release|Any CPU.ActiveCfg = Release|Any CPU
		{D1364783-1934-4139-B8E8-DC916F510246}.Release|Any CPU.Build.0 = Release|Any CPU
	EndGlobalSection
	GlobalSection(SolutionProperties) = preSolution
		HideSolutionNode = FALSE
	EndGlobalSection
EndGlobal
